
Microsoft Visual Studio Solution File, Format Version 12.00
# Visual Studio Version 17
VisualStudioVersion = 17.1.32210.238
MinimumVisualStudioVersion = 10.0.40219.1
Project("{9A19103F-16F7-4668-BE54-9A1E7A4F7556}") = "LoadCbrData", "LoadCbrData\LoadCbrData.csproj", "{776DAF06-058A-40ED-BF12-0630D46CDD7E}"
EndProject
Global
	GlobalSection(SolutionConfigurationPlatforms) = preSolution
		Debug|Any CPU = Debug|Any CPU
		Release|Any CPU = Release|Any CPU
	EndGlobalSection
	GlobalSection(ProjectConfigurationPlatforms) = postSolution
		{776DAF06-058A-40ED-BF12-0630D46CDD7E}.Debug|Any CPU.ActiveCfg = Debug|Any CPU
		{776DAF06-058A-40ED-BF12-0630D46CDD7E}.Debug|Any CPU.Build.0 = Debug|Any CPU
		{776DAF06-058A-40ED-BF12-0630D46CDD7E}.Release|Any CPU.ActiveCfg = Release|Any CPU
		{776DAF06-058A-40ED-BF12-0630D46CDD7E}.Release|Any CPU.Build.0 = Release|Any CPU
	EndGlobalSection
	GlobalSection(SolutionProperties) = preSolution
		HideSolutionNode = FALSE
	EndGlobalSection
	GlobalSection(ExtensibilityGlobals) = postSolution
		SolutionGuid = {4303D2FB-CC35-4B19-9CFA-646B8410E8EB}
	EndGlobalSection
EndGlobal
